
Microsoft Visual Studio Solution File, Format Version 12.00
# Visual Studio Version 16
VisualStudioVersion = 16.0.29827.131
MinimumVisualStudioVersion = 10.0.40219.1
Project("{FAE04EC0-301F-11D3-BF4B-00C04F79EFBC}") = "CloudIpspSamples", "CloudIpspSamples\CloudIpspSamples.csproj", "{A98AFF11-EA57-4475-9A27-7DB43053BA3F}"
EndProject
Project("{FAE04EC0-301F-11D3-BF4B-00C04F79EFBC}") = "CloudIpspSdkTest", "CloudIpspSdkTest\CloudIpspSdkTest.csproj", "{C342EB9E-91CD-4E2B-BEB5-65214D90138F}"
EndProject
Project("{9A19103F-16F7-4668-BE54-9A1E7A4F7556}") = "CloudlpspSDK", "CloudIpspSDK\CloudlpspSDK.csproj", "{C039E2D9-E40E-4A8F-B2AF-27B2D97E0DCA}"
EndProject
Global
	GlobalSection(SolutionConfigurationPlatforms) = preSolution
		Debug|Any CPU = Debug|Any CPU
		Release|Any CPU = Release|Any CPU
	EndGlobalSection
	GlobalSection(ProjectConfigurationPlatforms) = postSolution
		{A98AFF11-EA57-4475-9A27-7DB43053BA3F}.Debug|Any CPU.ActiveCfg = Debug|Any CPU
		{A98AFF11-EA57-4475-9A27-7DB43053BA3F}.Debug|Any CPU.Build.0 = Debug|Any CPU
		{A98AFF11-EA57-4475-9A27-7DB43053BA3F}.Release|Any CPU.ActiveCfg = Release|Any CPU
		{A98AFF11-EA57-4475-9A27-7DB43053BA3F}.Release|Any CPU.Build.0 = Release|Any CPU
		{C342EB9E-91CD-4E2B-BEB5-65214D90138F}.Debug|Any CPU.ActiveCfg = Debug|Any CPU
		{C342EB9E-91CD-4E2B-BEB5-65214D90138F}.Debug|Any CPU.Build.0 = Debug|Any CPU
		{C342EB9E-91CD-4E2B-BEB5-65214D90138F}.Release|Any CPU.ActiveCfg = Release|Any CPU
		{C342EB9E-91CD-4E2B-BEB5-65214D90138F}.Release|Any CPU.Build.0 = Release|Any CPU
		{C039E2D9-E40E-4A8F-B2AF-27B2D97E0DCA}.Debug|Any CPU.ActiveCfg = Debug|Any CPU
		{C039E2D9-E40E-4A8F-B2AF-27B2D97E0DCA}.Debug|Any CPU.Build.0 = Debug|Any CPU
		{C039E2D9-E40E-4A8F-B2AF-27B2D97E0DCA}.Release|Any CPU.ActiveCfg = Release|Any CPU
		{C039E2D9-E40E-4A8F-B2AF-27B2D97E0DCA}.Release|Any CPU.Build.0 = Release|Any CPU
	EndGlobalSection
	GlobalSection(SolutionProperties) = preSolution
		HideSolutionNode = FALSE
	EndGlobalSection
	GlobalSection(ExtensibilityGlobals) = postSolution
		SolutionGuid = {79384A41-F7D6-493F-9CC9-27F85ABE4764}
	EndGlobalSection
EndGlobal
